
Microsoft Visual Studio Solution File, Format Version 12.00
# Visual Studio 15
VisualStudioVersion = 15.0.27428.2015
MinimumVisualStudioVersion = 10.0.40219.1
Project("{FAE04EC0-301F-11D3-BF4B-00C04F79EFBC}") = "militaryClock", "militaryClock\militaryClock.csproj", "{1A1C38E2-B420-4556-A606-96182292DC8F}"
EndProject
Global
	GlobalSection(SolutionConfigurationPlatforms) = preSolution
		Debug|Any CPU = Debug|Any CPU
		Release|Any CPU = Release|Any CPU
	EndGlobalSection
	GlobalSection(ProjectConfigurationPlatforms) = postSolution
		{1A1C38E2-B420-4556-A606-96182292DC8F}.Debug|Any CPU.ActiveCfg = Debug|Any CPU
		{1A1C38E2-B420-4556-A606-96182292DC8F}.Debug|Any CPU.Build.0 = Debug|Any CPU
		{1A1C38E2-B420-4556-A606-96182292DC8F}.Release|Any CPU.ActiveCfg = Release|Any CPU
		{1A1C38E2-B420-4556-A606-96182292DC8F}.Release|Any CPU.Build.0 = Release|Any CPU
	EndGlobalSection
	GlobalSection(SolutionProperties) = preSolution
		HideSolutionNode = FALSE
	EndGlobalSection
	GlobalSection(ExtensibilityGlobals) = postSolution
		SolutionGuid = {CFBCA57B-7882-4742-B6CC-406FD8007FD9}
	EndGlobalSection
EndGlobal
